
Microsoft Visual Studio Solution File, Format Version 12.00
# Visual Studio Version 17
VisualStudioVersion = 17.3.32929.385
MinimumVisualStudioVersion = 10.0.40219.1
Project("{FAE04EC0-301F-11D3-BF4B-00C04F79EFBC}") = "teamViewerGui", "teamViewerGui\teamViewerGui.csproj", "{C1DBA55C-A5A9-4700-8EB7-CA417076BE48}"
EndProject
Global
	GlobalSection(SolutionConfigurationPlatforms) = preSolution
		Debug|Any CPU = Debug|Any CPU
		Release|Any CPU = Release|Any CPU
	EndGlobalSection
	GlobalSection(ProjectConfigurationPlatforms) = postSolution
		{C1DBA55C-A5A9-4700-8EB7-CA417076BE48}.Debug|Any CPU.ActiveCfg = Debug|Any CPU
		{C1DBA55C-A5A9-4700-8EB7-CA417076BE48}.Debug|Any CPU.Build.0 = Debug|Any CPU
		{C1DBA55C-A5A9-4700-8EB7-CA417076BE48}.Release|Any CPU.ActiveCfg = Release|Any CPU
		{C1DBA55C-A5A9-4700-8EB7-CA417076BE48}.Release|Any CPU.Build.0 = Release|Any CPU
	EndGlobalSection
	GlobalSection(SolutionProperties) = preSolution
		HideSolutionNode = FALSE
	EndGlobalSection
	GlobalSection(ExtensibilityGlobals) = postSolution
		SolutionGuid = {6A1B4472-2392-47A8-B0D2-6C4A3A7C0395}
	EndGlobalSection
EndGlobal
